{
  "name": "multipart-alternatives-evidence",
  "lockfileVersion": 3,
  "requires": true,
  "packages": {
    "": {
      "name": "multipart-alternatives-evidence",
      "dependencies": {
        "@fastify/busboy": "3.2.2",
        "@mjackson/multipart-parser": "^0.10.1",
        "@remix-run/multipart-parser": "1.0.0",
        "busboy": "1.6.0",
        "multipasta": "0.2.8"
      }
    },
    "node_modules/@fastify/busboy": {
      "version": "3.2.2",
      "resolved": "https://registry.npmjs.org/@fastify/busboy/-/busboy-3.2.2.tgz",
      "integrity": "sha512-yXSS27qPExaXeuLvMRMXOLtpipzfQYNjG3FkunDWKGfMYjKuhFXko9CVzqxm8jcF+lmtS9Fd89QNdh9XDjnbNg==",
      "license": "MIT"
    },
    "node_modules/@mjackson/headers": {
      "version": "0.11.1",
      "resolved": "https://registry.npmjs.org/@mjackson/headers/-/headers-0.11.1.tgz",
      "integrity": "sha512-uXXhd4rtDdDwkqAuGef1nuafkCa1NlTmEc1Jzc0NL4YiA1yON1NFXuqJ3hOuKvNKQwkiDwdD+JJlKVyz4dunFA==",
      "license": "MIT"
    },
    "node_modules/@mjackson/multipart-parser": {
      "version": "0.10.1",
      "resolved": "https://registry.npmjs.org/@mjackson/multipart-parser/-/multipart-parser-0.10.1.tgz",
      "integrity": "sha512-cHMD6+ErH/DrEfC0N6Ru/+1eAdavxdV0C35PzSb5/SD7z3XoaDMc16xPJcb8CahWjSpqHY+Too9sAb6/UNuq7A==",
      "license": "MIT",
      "dependencies": {
        "@mjackson/headers": "^0.11.1"
      }
    },
    "node_modules/@remix-run/headers": {
      "version": "1.0.0",
      "resolved": "https://registry.npmjs.org/@remix-run/headers/-/headers-1.0.0.tgz",
      "integrity": "sha512-EhZ8V2eqrRWZym4FwGRaEw21w9b8EgwnZ5NA8RCY/V4X/COKTyoEthUcH/w0wVgzIn+PeWgp+YLHq+9r4pqEUQ==",
      "license": "MIT"
    },
    "node_modules/@remix-run/multipart-parser": {
      "version": "1.0.0",
      "resolved": "https://registry.npmjs.org/@remix-run/multipart-parser/-/multipart-parser-1.0.0.tgz",
      "integrity": "sha512-ZrS2qvE5AfgOJmsZzILy3bCUTPoMXom1NVO58qZOg2R+3qOGnKjQxUP/JHfFnTWA/CcmFEtiGCsTuPpTPgGUfg==",
      "license": "MIT",
      "dependencies": {
        "@remix-run/headers": "^1.0.0"
      }
    },
    "node_modules/busboy": {
      "version": "1.6.0",
      "resolved": "https://registry.npmjs.org/busboy/-/busboy-1.6.0.tgz",
      "integrity": "sha512-8SFQbg/0hQ9xy3UNTB0YEnsNBbWfhf7RtnzpL7TkBiTBRfrQ9Fxcnz7VJsleJpyp6rVLvXiuORqjlHi5q+PYuA==",
      "dependencies": {
        "streamsearch": "^1.1.0"
      },
      "engines": {
        "node": ">=10.16.0"
      }
    },
    "node_modules/multipasta": {
      "version": "0.2.8",
      "resolved": "https://registry.npmjs.org/multipasta/-/multipasta-0.2.8.tgz",
      "integrity": "sha512-ZPWuMKyv0cSO29f7hozp+k6+crZbQijV8ipMvxNxRf2SwtYGTX1ZX89Kd20VV4H9Znonx+EQn+iy1wGQsJ+b+Q==",
      "license": "MIT"
    },
    "node_modules/streamsearch": {
      "version": "1.1.0",
      "resolved": "https://registry.npmjs.org/streamsearch/-/streamsearch-1.1.0.tgz",
      "integrity": "sha512-Mcc5wHehp9aXz1ax6bZUyY5afg9u2rv5cqQI3mRrYkGC8rW2hM02jWuwjtL++LS5qinSyhj2QfLyNsuc+VsExg==",
      "engines": {
        "node": ">=10.0.0"
      }
    }
  }
}
